// !$*UTF8*$!
{
	archiveVersion = 1;
	classes = {
	};
	objectVersion = 50;
	objects = {

/* Begin PBXBuildFile section */
		DB11C24324548F8E00BF3391 /* MessageTableViewCell.swift in Sources */ = {isa = PBXBuildFile; fileRef = DB11C24124548F8E00BF3391 /* MessageTableViewCell.swift */; };
		DB11C24424548F8E00BF3391 /* MessageTableViewCell.xib in Resources */ = {isa = PBXBuildFile; fileRef = DB11C24224548F8E00BF3391 /* MessageTableViewCell.xib */; };
		DB11C24724549AD300BF3391 /* NotificationTableViewCell.swift in Sources */ = {isa = PBXBuildFile; fileRef = DB11C24524549AD300BF3391 /* NotificationTableViewCell.swift */; };
		DB11C24824549AD300BF3391 /* NotificationTableViewCell.xib in Resources */ = {isa = PBXBuildFile; fileRef = DB11C24624549AD300BF3391 /* NotificationTableViewCell.xib */; };
		DB6565982456154200CE5EEA /* MessengerViewController.swift in Sources */ = {isa = PBXBuildFile; fileRef = DB6565972456154200CE5EEA /* MessengerViewController.swift */; };
		DB65659B2456192100CE5EEA /* MessageCell.swift in Sources */ = {isa = PBXBuildFile; fileRef = DB6565992456192100CE5EEA /* MessageCell.swift */; };
		DB65659C2456192100CE5EEA /* MessageCell.xib in Resources */ = {isa = PBXBuildFile; fileRef = DB65659A2456192100CE5EEA /* MessageCell.xib */; };
		DB65659E2456369F00CE5EEA /* TripViewController.swift in Sources */ = {isa = PBXBuildFile; fileRef = DB65659D2456369F00CE5EEA /* TripViewController.swift */; };
		DB6D74042455A83F005E28D8 /* CarCollectionViewCell.swift in Sources */ = {isa = PBXBuildFile; fileRef = DB6D74022455A83F005E28D8 /* CarCollectionViewCell.swift */; };
		DB6D74052455A83F005E28D8 /* CarCollectionViewCell.xib in Resources */ = {isa = PBXBuildFile; fileRef = DB6D74032455A83F005E28D8 /* CarCollectionViewCell.xib */; };
		DB6E714724531BB20041BD1F /* AppDelegate.swift in Sources */ = {isa = PBXBuildFile; fileRef = DB6E714624531BB20041BD1F /* AppDelegate.swift */; };
		DB6E714924531BB20041BD1F /* SceneDelegate.swift in Sources */ = {isa = PBXBuildFile; fileRef = DB6E714824531BB20041BD1F /* SceneDelegate.swift */; };
		DB6E714B24531BB20041BD1F /* FirstViewController.swift in Sources */ = {isa = PBXBuildFile; fileRef = DB6E714A24531BB20041BD1F /* FirstViewController.swift */; };
		DB6E714D24531BB20041BD1F /* SecondViewController.swift in Sources */ = {isa = PBXBuildFile; fileRef = DB6E714C24531BB20041BD1F /* SecondViewController.swift */; };
		DB6E715024531BB20041BD1F /* Main.storyboard in Resources */ = {isa = PBXBuildFile; fileRef = DB6E714E24531BB20041BD1F /* Main.storyboard */; };
		DB6E715224531BB40041BD1F /* Assets.xcassets in Resources */ = {isa = PBXBuildFile; fileRef = DB6E715124531BB40041BD1F /* Assets.xcassets */; };
		DB6E715524531BB40041BD1F /* LaunchScreen.storyboard in Resources */ = {isa = PBXBuildFile; fileRef = DB6E715324531BB40041BD1F /* LaunchScreen.storyboard */; };
		DB6E716024531F430041BD1F /* ThirdViewController.swift in Sources */ = {isa = PBXBuildFile; fileRef = DB6E715F24531F430041BD1F /* ThirdViewController.swift */; };
		DB6E716224531F510041BD1F /* ForthViewController.swift in Sources */ = {isa = PBXBuildFile; fileRef = DB6E716124531F510041BD1F /* ForthViewController.swift */; };
		DB6E716424531F610041BD1F /* FifthViewController.swift in Sources */ = {isa = PBXBuildFile; fileRef = DB6E716324531F610041BD1F /* FifthViewController.swift */; };
		DBAF092A2455964000E34871 /* ReservationTableViewCell.swift in Sources */ = {isa = PBXBuildFile; fileRef = DBAF09282455964000E34871 /* ReservationTableViewCell.swift */; };
		DBAF092B2455964000E34871 /* ReservationTableViewCell.xib in Resources */ = {isa = PBXBuildFile; fileRef = DBAF09292455964000E34871 /* ReservationTableViewCell.xib */; };
/* End PBXBuildFile section */

/* Begin PBXFileReference section */
		DB11C24124548F8E00BF3391 /* MessageTableViewCell.swift */ = {isa = PBXFileReference; lastKnownFileType = sourcecode.swift; path = MessageTableViewCell.swift; sourceTree = "<group>"; };
		DB11C24224548F8E00BF3391 /* MessageTableViewCell.xib */ = {isa = PBXFileReference; lastKnownFileType = file.xib; path = MessageTableViewCell.xib; sourceTree = "<group>"; };
		DB11C24524549AD300BF3391 /* NotificationTableViewCell.swift */ = {isa = PBXFileReference; lastKnownFileType = sourcecode.swift; path = NotificationTableViewCell.swift; sourceTree = "<group>"; };
		DB11C24624549AD300BF3391 /* NotificationTableViewCell.xib */ = {isa = PBXFileReference; lastKnownFileType = file.xib; path = NotificationTableViewCell.xib; sourceTree = "<group>"; };
		DB6565972456154200CE5EEA /* MessengerViewController.swift */ = {isa = PBXFileReference; lastKnownFileType = sourcecode.swift; path = MessengerViewController.swift; sourceTree = "<group>"; };
		DB6565992456192100CE5EEA /* MessageCell.swift */ = {isa = PBXFileReference; fileEncoding = 4; lastKnownFileType = sourcecode.swift; path = MessageCell.swift; sourceTree = "<group>"; };
		DB65659A2456192100CE5EEA /* MessageCell.xib */ = {isa = PBXFileReference; fileEncoding = 4; lastKnownFileType = file.xib; path = MessageCell.xib; sourceTree = "<group>"; };
		DB65659D2456369F00CE5EEA /* TripViewController.swift */ = {isa = PBXFileReference; lastKnownFileType = sourcecode.swift; path = TripViewController.swift; sourceTree = "<group>"; };
		DB6D74022455A83F005E28D8 /* CarCollectionViewCell.swift */ = {isa = PBXFileReference; lastKnownFileType = sourcecode.swift; path = CarCollectionViewCell.swift; sourceTree = "<group>"; };
		DB6D74032455A83F005E28D8 /* CarCollectionViewCell.xib */ = {isa = PBXFileReference; lastKnownFileType = file.xib; path = CarCollectionViewCell.xib; sourceTree = "<group>"; };
		DB6E714324531BB20041BD1F /* RentilioSwiftApp.app */ = {isa = PBXFileReference; explicitFileType = wrapper.application; includeInIndex = 0; path = RentilioSwiftApp.app; sourceTree = BUILT_PRODUCTS_DIR; };
		DB6E714624531BB20041BD1F /* AppDelegate.swift */ = {isa = PBXFileReference; lastKnownFileType = sourcecode.swift; path = AppDelegate.swift; sourceTree = "<group>"; };
		DB6E714824531BB20041BD1F /* SceneDelegate.swift */ = {isa = PBXFileReference; lastKnownFileType = sourcecode.swift; path = SceneDelegate.swift; sourceTree = "<group>"; };
		DB6E714A24531BB20041BD1F /* FirstViewController.swift */ = {isa = PBXFileReference; lastKnownFileType = sourcecode.swift; path = FirstViewController.swift; sourceTree = "<group>"; };
		DB6E714C24531BB20041BD1F /* SecondViewController.swift */ = {isa = PBXFileReference; lastKnownFileType = sourcecode.swift; path = SecondViewController.swift; sourceTree = "<group>"; };
		DB6E714F24531BB20041BD1F /* Base */ = {isa = PBXFileReference; lastKnownFileType = file.storyboard; name = Base; path = Base.lproj/Main.storyboard; sourceTree = "<group>"; };
		DB6E715124531BB40041BD1F /* Assets.xcassets */ = {isa = PBXFileReference; lastKnownFileType = folder.assetcatalog; path = Assets.xcassets; sourceTree = "<group>"; };
		DB6E715424531BB40041BD1F /* Base */ = {isa = PBXFileReference; lastKnownFileType = file.storyboard; name = Base; path = Base.lproj/LaunchScreen.storyboard; sourceTree = "<group>"; };
		DB6E715624531BB40041BD1F /* Info.plist */ = {isa = PBXFileReference; lastKnownFileType = text.plist.xml; path = Info.plist; sourceTree = "<group>"; };
		DB6E715F24531F430041BD1F /* ThirdViewController.swift */ = {isa = PBXFileReference; lastKnownFileType = sourcecode.swift; path = ThirdViewController.swift; sourceTree = "<group>"; };
		DB6E716124531F510041BD1F /* ForthViewController.swift */ = {isa = PBXFileReference; lastKnownFileType = sourcecode.swift; path = ForthViewController.swift; sourceTree = "<group>"; };
		DB6E716324531F610041BD1F /* FifthViewController.swift */ = {isa = PBXFileReference; lastKnownFileType = sourcecode.swift; path = FifthViewController.swift; sourceTree = "<group>"; };
		DBAF09282455964000E34871 /* ReservationTableViewCell.swift */ = {isa = PBXFileReference; lastKnownFileType = sourcecode.swift; path = ReservationTableViewCell.swift; sourceTree = "<group>"; };
		DBAF09292455964000E34871 /* ReservationTableViewCell.xib */ = {isa = PBXFileReference; lastKnownFileType = file.xib; path = ReservationTableViewCell.xib; sourceTree = "<group>"; };
/* End PBXFileReference section */

/* Begin PBXFrameworksBuildPhase section */
		DB6E714024531BB20041BD1F /* Frameworks */ = {
			isa = PBXFrameworksBuildPhase;
			buildActionMask = 2147483647;
			files = (
			);
			runOnlyForDeploymentPostprocessing = 0;
		};
/* End PBXFrameworksBuildPhase section */

/* Begin PBXGroup section */
		DB6E713A24531BB20041BD1F = {
			isa = PBXGroup;
			children = (
				DB6E714524531BB20041BD1F /* RentilioSwiftApp */,
				DB6E714424531BB20041BD1F /* Products */,
			);
			sourceTree = "<group>";
		};
		DB6E714424531BB20041BD1F /* Products */ = {
			isa = PBXGroup;
			children = (
				DB6E714324531BB20041BD1F /* RentilioSwiftApp.app */,
			);
			name = Products;
			sourceTree = "<group>";
		};
		DB6E714524531BB20041BD1F /* RentilioSwiftApp */ = {
			isa = PBXGroup;
			children = (
				DB6E715D24531C2A0041BD1F /* Models */,
				DB6E715C24531C1B0041BD1F /* Views */,
				DB6E715E24531C4A0041BD1F /* Controllers */,
				DB6E714624531BB20041BD1F /* AppDelegate.swift */,
				DB6E714824531BB20041BD1F /* SceneDelegate.swift */,
				DB6E715124531BB40041BD1F /* Assets.xcassets */,
				DB6E715324531BB40041BD1F /* LaunchScreen.storyboard */,
				DB6E715624531BB40041BD1F /* Info.plist */,
			);
			path = RentilioSwiftApp;
			sourceTree = "<group>";
		};
		DB6E715C24531C1B0041BD1F /* Views */ = {
			isa = PBXGroup;
			children = (
				DB6E714E24531BB20041BD1F /* Main.storyboard */,
				DB6565992456192100CE5EEA /* MessageCell.swift */,
				DB65659A2456192100CE5EEA /* MessageCell.xib */,
				DB11C24124548F8E00BF3391 /* MessageTableViewCell.swift */,
				DB11C24224548F8E00BF3391 /* MessageTableViewCell.xib */,
				DB11C24524549AD300BF3391 /* NotificationTableViewCell.swift */,
				DB11C24624549AD300BF3391 /* NotificationTableViewCell.xib */,
				DBAF09282455964000E34871 /* ReservationTableViewCell.swift */,
				DBAF09292455964000E34871 /* ReservationTableViewCell.xib */,
				DB6D74022455A83F005E28D8 /* CarCollectionViewCell.swift */,
				DB6D74032455A83F005E28D8 /* CarCollectionViewCell.xib */,
			);
			path = Views;
			sourceTree = "<group>";
		};
		DB6E715D24531C2A0041BD1F /* Models */ = {
			isa = PBXGroup;
			children = (
			);
			path = Models;
			sourceTree = "<group>";
		};
		DB6E715E24531C4A0041BD1F /* Controllers */ = {
			isa = PBXGroup;
			children = (
				DB6E714A24531BB20041BD1F /* FirstViewController.swift */,
				DB6E714C24531BB20041BD1F /* SecondViewController.swift */,
				DB6E715F24531F430041BD1F /* ThirdViewController.swift */,
				DB6E716124531F510041BD1F /* ForthViewController.swift */,
				DB6E716324531F610041BD1F /* FifthViewController.swift */,
				DB6565972456154200CE5EEA /* MessengerViewController.swift */,
				DB65659D2456369F00CE5EEA /* TripViewController.swift */,
			);
			path = Controllers;
			sourceTree = "<group>";
		};
/* End PBXGroup section */

/* Begin PBXNativeTarget section */
		DB6E714224531BB20041BD1F /* RentilioSwiftApp */ = {
			isa = PBXNativeTarget;
			buildConfigurationList = DB6E715924531BB40041BD1F /* Build configuration list for PBXNativeTarget "RentilioSwiftApp" */;
			buildPhases = (
				DB6E713F24531BB20041BD1F /* Sources */,
				DB6E714024531BB20041BD1F /* Frameworks */,
				DB6E714124531BB20041BD1F /* Resources */,
			);
			buildRules = (
			);
			dependencies = (
			);
			name = RentilioSwiftApp;
			productName = RentilioSwiftApp;
			productReference = DB6E714324531BB20041BD1F /* RentilioSwiftApp.app */;
			productType = "com.apple.product-type.application";
		};
/* End PBXNativeTarget section */

/* Begin PBXProject section */
		DB6E713B24531BB20041BD1F /* Project object */ = {
			isa = PBXProject;
			attributes = {
				LastSwiftUpdateCheck = 1140;
				LastUpgradeCheck = 1140;
				ORGANIZATIONNAME = "Rafal Wozniak";
				TargetAttributes = {
					DB6E714224531BB20041BD1F = {
						CreatedOnToolsVersion = 11.4.1;
					};
				};
			};
			buildConfigurationList = DB6E713E24531BB20041BD1F /* Build configuration list for PBXProject "RentilioSwiftApp" */;
			compatibilityVersion = "Xcode 9.3";
			developmentRegion = en;
			hasScannedForEncodings = 0;
			knownRegions = (
				en,
				Base,
			);
			mainGroup = DB6E713A24531BB20041BD1F;
			productRefGroup = DB6E714424531BB20041BD1F /* Products */;
			projectDirPath = "";
			projectRoot = "";
			targets = (
				DB6E714224531BB20041BD1F /* RentilioSwiftApp */,
			);
		};
/* End PBXProject section */

/* Begin PBXResourcesBuildPhase section */
		DB6E714124531BB20041BD1F /* Resources */ = {
			isa = PBXResourcesBuildPhase;
			buildActionMask = 2147483647;
			files = (
				DBAF092B2455964000E34871 /* ReservationTableViewCell.xib in Resources */,
				DB11C24824549AD300BF3391 /* NotificationTableViewCell.xib in Resources */,
				DB6E715524531BB40041BD1F /* LaunchScreen.storyboard in Resources */,
				DB11C24424548F8E00BF3391 /* MessageTableViewCell.xib in Resources */,
				DB6E715224531BB40041BD1F /* Assets.xcassets in Resources */,
				DB65659C2456192100CE5EEA /* MessageCell.xib in Resources */,
				DB6E715024531BB20041BD1F /* Main.storyboard in Resources */,
				DB6D74052455A83F005E28D8 /* CarCollectionViewCell.xib in Resources */,
			);
			runOnlyForDeploymentPostprocessing = 0;
		};
/* End PBXResourcesBuildPhase section */

/* Begin PBXSourcesBuildPhase section */
		DB6E713F24531BB20041BD1F /* Sources */ = {
			isa = PBXSourcesBuildPhase;
			buildActionMask = 2147483647;
			files = (
				DB6565982456154200CE5EEA /* MessengerViewController.swift in Sources */,
				DB11C24724549AD300BF3391 /* NotificationTableViewCell.swift in Sources */,
				DB6E716224531F510041BD1F /* ForthViewController.swift in Sources */,
				DB6E714D24531BB20041BD1F /* SecondViewController.swift in Sources */,
				DB65659B2456192100CE5EEA /* MessageCell.swift in Sources */,
				DB6E714B24531BB20041BD1F /* FirstViewController.swift in Sources */,
				DB6E716024531F430041BD1F /* ThirdViewController.swift in Sources */,
				DB6E714724531BB20041BD1F /* AppDelegate.swift in Sources */,
				DB11C24324548F8E00BF3391 /* MessageTableViewCell.swift in Sources */,
				DB65659E2456369F00CE5EEA /* TripViewController.swift in Sources */,
				DB6E714924531BB20041BD1F /* SceneDelegate.swift in Sources */,
				DBAF092A2455964000E34871 /* ReservationTableViewCell.swift in Sources */,
				DB6E716424531F610041BD1F /* FifthViewController.swift in Sources */,
				DB6D74042455A83F005E28D8 /* CarCollectionViewCell.swift in Sources */,
			);
			runOnlyForDeploymentPostprocessing = 0;
		};
/* End PBXSourcesBuildPhase section */

/* Begin PBXVariantGroup section */
		DB6E714E24531BB20041BD1F /* Main.storyboard */ = {
			isa = PBXVariantGroup;
			children = (
				DB6E714F24531BB20041BD1F /* Base */,
			);
			name = Main.storyboard;
			sourceTree = "<group>";
		};
		DB6E715324531BB40041BD1F /* LaunchScreen.storyboard */ = {
			isa = PBXVariantGroup;
			children = (
				DB6E715424531BB40041BD1F /* Base */,
			);
			name = LaunchScreen.storyboard;
			sourceTree = "<group>";
		};
/* End PBXVariantGroup section */

/* Begin XCBuildConfiguration section */
		DB6E715724531BB40041BD1F /* Debug */ = {
			isa = XCBuildConfiguration;
			buildSettings = {
				ALWAYS_SEARCH_USER_PATHS = NO;
				CLANG_ANALYZER_NONNULL = YES;
				CLANG_ANALYZER_NUMBER_OBJECT_CONVERSION = YES_AGGRESSIVE;
				CLANG_CXX_LANGUAGE_STANDARD = "gnu++14";
				CLANG_CXX_LIBRARY = "libc++";
				CLANG_ENABLE_MODULES = YES;
				CLANG_ENABLE_OBJC_ARC = YES;
				CLANG_ENABLE_OBJC_WEAK = YES;
				CLANG_WARN_BLOCK_CAPTURE_AUTORELEASING = YES;
				CLANG_WARN_BOOL_CONVERSION = YES;
				CLANG_WARN_COMMA = YES;
				CLANG_WARN_CONSTANT_CONVERSION = YES;
				CLANG_WARN_DEPRECATED_OBJC_IMPLEMENTATIONS = YES;
				CLANG_WARN_DIRECT_OBJC_ISA_USAGE = YES_ERROR;
				CLANG_WARN_DOCUMENTATION_COMMENTS = YES;
				CLANG_WARN_EMPTY_BODY = YES;
				CLANG_WARN_ENUM_CONVERSION = YES;
				CLANG_WARN_INFINITE_RECURSION = YES;
				CLANG_WARN_INT_CONVERSION = YES;
				CLANG_WARN_NON_LITERAL_NULL_CONVERSION = YES;
				CLANG_WARN_OBJC_IMPLICIT_RETAIN_SELF = YES;
				CLANG_WARN_OBJC_LITERAL_CONVERSION = YES;
				CLANG_WARN_OBJC_ROOT_CLASS = YES_ERROR;
				CLANG_WARN_RANGE_LOOP_ANALYSIS = YES;
				CLANG_WARN_STRICT_PROTOTYPES = YES;
				CLANG_WARN_SUSPICIOUS_MOVE = YES;
				CLANG_WARN_UNGUARDED_AVAILABILITY = YES_AGGRESSIVE;
				CLANG_WARN_UNREACHABLE_CODE = YES;
				CLANG_WARN__DUPLICATE_METHOD_MATCH = YES;
				COPY_PHASE_STRIP = NO;
				DEBUG_INFORMATION_FORMAT = dwarf;
				ENABLE_STRICT_OBJC_MSGSEND = YES;
				ENABLE_TESTABILITY = YES;
				GCC_C_LANGUAGE_STANDARD = gnu11;
				GCC_DYNAMIC_NO_PIC = NO;
				GCC_NO_COMMON_BLOCKS = YES;
				GCC_OPTIMIZATION_LEVEL = 0;
				GCC_PREPROCESSOR_DEFINITIONS = (
					"DEBUG=1",
					"$(inherited)",
				);
				GCC_WARN_64_TO_32_BIT_CONVERSION = YES;
				GCC_WARN_ABOUT_RETURN_TYPE = YES_ERROR;
				GCC_WARN_UNDECLARED_SELECTOR = YES;
				GCC_WARN_UNINITIALIZED_AUTOS = YES_AGGRESSIVE;
				GCC_WARN_UNUSED_FUNCTION = YES;
				GCC_WARN_UNUSED_VARIABLE = YES;
				IPHONEOS_DEPLOYMENT_TARGET = 13.4;
				MTL_ENABLE_DEBUG_INFO = INCLUDE_SOURCE;
				MTL_FAST_MATH = YES;
				ONLY_ACTIVE_ARCH = YES;
				SDKROOT = iphoneos;
				SWIFT_ACTIVE_COMPILATION_CONDITIONS = DEBUG;
				SWIFT_OPTIMIZATION_LEVEL = "-Onone";
			};
			name = Debug;
		};
		DB6E715824531BB40041BD1F /* Release */ = {
			isa = XCBuildConfiguration;
			buildSettings = {
				ALWAYS_SEARCH_USER_PATHS = NO;
				CLANG_ANALYZER_NONNULL = YES;
				CLANG_ANALYZER_NUMBER_OBJECT_CONVERSION = YES_AGGRESSIVE;
				CLANG_CXX_LANGUAGE_STANDARD = "gnu++14";
				CLANG_CXX_LIBRARY = "libc++";
				CLANG_ENABLE_MODULES = YES;
				CLANG_ENABLE_OBJC_ARC = YES;
				CLANG_ENABLE_OBJC_WEAK = YES;
				CLANG_WARN_BLOCK_CAPTURE_AUTORELEASING = YES;
				CLANG_WARN_BOOL_CONVERSION = YES;
				CLANG_WARN_COMMA = YES;
				CLANG_WARN_CONSTANT_CONVERSION = YES;
				CLANG_WARN_DEPRECATED_OBJC_IMPLEMENTATIONS = YES;
				CLANG_WARN_DIRECT_OBJC_ISA_USAGE = YES_ERROR;
				CLANG_WARN_DOCUMENTATION_COMMENTS = YES;
				CLANG_WARN_EMPTY_BODY = YES;
				CLANG_WARN_ENUM_CONVERSION = YES;
				CLANG_WARN_INFINITE_RECURSION = YES;
				CLANG_WARN_INT_CONVERSION = YES;
				CLANG_WARN_NON_LITERAL_NULL_CONVERSION = YES;
				CLANG_WARN_OBJC_IMPLICIT_RETAIN_SELF = YES;
				CLANG_WARN_OBJC_LITERAL_CONVERSION = YES;
				CLANG_WARN_OBJC_ROOT_CLASS = YES_ERROR;
				CLANG_WARN_RANGE_LOOP_ANALYSIS = YES;
				CLANG_WARN_STRICT_PROTOTYPES = YES;
				CLANG_WARN_SUSPICIOUS_MOVE = YES;
				CLANG_WARN_UNGUARDED_AVAILABILITY = YES_AGGRESSIVE;
				CLANG_WARN_UNREACHABLE_CODE = YES;
				CLANG_WARN__DUPLICATE_METHOD_MATCH = YES;
				COPY_PHASE_STRIP = NO;
				DEBUG_INFORMATION_FORMAT = "dwarf-with-dsym";
				ENABLE_NS_ASSERTIONS = NO;
				ENABLE_STRICT_OBJC_MSGSEND = YES;
				GCC_C_LANGUAGE_STANDARD = gnu11;
				GCC_NO_COMMON_BLOCKS = YES;
				GCC_WARN_64_TO_32_BIT_CONVERSION = YES;
				GCC_WARN_ABOUT_RETURN_TYPE = YES_ERROR;
				GCC_WARN_UNDECLARED_SELECTOR = YES;
				GCC_WARN_UNINITIALIZED_AUTOS = YES_AGGRESSIVE;
				GCC_WARN_UNUSED_FUNCTION = YES;
				GCC_WARN_UNUSED_VARIABLE = YES;
				IPHONEOS_DEPLOYMENT_TARGET = 13.4;
				MTL_ENABLE_DEBUG_INFO = NO;
				MTL_FAST_MATH = YES;
				SDKROOT = iphoneos;
				SWIFT_COMPILATION_MODE = wholemodule;
				SWIFT_OPTIMIZATION_LEVEL = "-O";
				VALIDATE_PRODUCT = YES;
			};
			name = Release;
		};
		DB6E715A24531BB40041BD1F /* Debug */ = {
			isa = XCBuildConfiguration;
			buildSettings = {
				ASSETCATALOG_COMPILER_APPICON_NAME = AppIcon;
				CODE_SIGN_STYLE = Automatic;
				DEVELOPMENT_TEAM = WCSKT2SS5T;
				INFOPLIST_FILE = RentilioSwiftApp/Info.plist;
				LD_RUNPATH_SEARCH_PATHS = (
					"$(inherited)",
					"@executable_path/Frameworks",
				);
				PRODUCT_BUNDLE_IDENTIFIER = com.rafles.RentilioSwiftApp;
				PRODUCT_NAME = "$(TARGET_NAME)";
				SWIFT_VERSION = 5.0;
				TARGETED_DEVICE_FAMILY = "1,2";
			};
			name = Debug;
		};
		DB6E715B24531BB40041BD1F /* Release */ = {
			isa = XCBuildConfiguration;
			buildSettings = {
				ASSETCATALOG_COMPILER_APPICON_NAME = AppIcon;
				CODE_SIGN_STYLE = Automatic;
				DEVELOPMENT_TEAM = WCSKT2SS5T;
				INFOPLIST_FILE = RentilioSwiftApp/Info.plist;
				LD_RUNPATH_SEARCH_PATHS = (
					"$(inherited)",
					"@executable_path/Frameworks",
				);
				PRODUCT_BUNDLE_IDENTIFIER = com.rafles.RentilioSwiftApp;
				PRODUCT_NAME = "$(TARGET_NAME)";
				SWIFT_VERSION = 5.0;
				TARGETED_DEVICE_FAMILY = "1,2";
			};
			name = Release;
		};
/* End XCBuildConfiguration section */

/* Begin XCConfigurationList section */
		DB6E713E24531BB20041BD1F /* Build configuration list for PBXProject "RentilioSwiftApp" */ = {
			isa = XCConfigurationList;
			buildConfigurations = (
				DB6E715724531BB40041BD1F /* Debug */,
				DB6E715824531BB40041BD1F /* Release */,
			);
			defaultConfigurationIsVisible = 0;
			defaultConfigurationName = Release;
		};
		DB6E715924531BB40041BD1F /* Build configuration list for PBXNativeTarget "RentilioSwiftApp" */ = {
			isa = XCConfigurationList;
			buildConfigurations = (
				DB6E715A24531BB40041BD1F /* Debug */,
				DB6E715B24531BB40041BD1F /* Release */,
			);
			defaultConfigurationIsVisible = 0;
			defaultConfigurationName = Release;
		};
/* End XCConfigurationList section */
	};
	rootObject = DB6E713B24531BB20041BD1F /* Project object */;
}
